
Microsoft Visual Studio Solution File, Format Version 12.00
# Visual Studio Version 16
VisualStudioVersion = 16.0.30717.126
MinimumVisualStudioVersion = 10.0.40219.1
Project("{FAE04EC0-301F-11D3-BF4B-00C04F79EFBC}") = "GenericBoxOfString", "GenericBoxOfString\GenericBoxOfString.csproj", "{81D0EC6B-08F6-4345-978E-9B0FAFA0DE2B}"
EndProject
Project("{FAE04EC0-301F-11D3-BF4B-00C04F79EFBC}") = "GenericBoxIfInteger", "GenericBoxIfInteger\GenericBoxIfInteger.csproj", "{ADFCF6CD-4805-4238-9519-CAD760BBC4EB}"
EndProject
Project("{FAE04EC0-301F-11D3-BF4B-00C04F79EFBC}") = "GenericSwapMethod", "GenericSwapMethod\GenericSwapMethod.csproj", "{A5C9A24B-EF82-4571-8714-B34ACCC76B12}"
EndProject
Global
	GlobalSection(SolutionConfigurationPlatforms) = preSolution
		Debug|Any CPU = Debug|Any CPU
		Release|Any CPU = Release|Any CPU
	EndGlobalSection
	GlobalSection(ProjectConfigurationPlatforms) = postSolution
		{81D0EC6B-08F6-4345-978E-9B0FAFA0DE2B}.Debug|Any CPU.ActiveCfg = Debug|Any CPU
		{81D0EC6B-08F6-4345-978E-9B0FAFA0DE2B}.Debug|Any CPU.Build.0 = Debug|Any CPU
		{81D0EC6B-08F6-4345-978E-9B0FAFA0DE2B}.Release|Any CPU.ActiveCfg = Release|Any CPU
		{81D0EC6B-08F6-4345-978E-9B0FAFA0DE2B}.Release|Any CPU.Build.0 = Release|Any CPU
		{ADFCF6CD-4805-4238-9519-CAD760BBC4EB}.Debug|Any CPU.ActiveCfg = Debug|Any CPU
		{ADFCF6CD-4805-4238-9519-CAD760BBC4EB}.Debug|Any CPU.Build.0 = Debug|Any CPU
		{ADFCF6CD-4805-4238-9519-CAD760BBC4EB}.Release|Any CPU.ActiveCfg = Release|Any CPU
		{ADFCF6CD-4805-4238-9519-CAD760BBC4EB}.Release|Any CPU.Build.0 = Release|Any CPU
		{A5C9A24B-EF82-4571-8714-B34ACCC76B12}.Debug|Any CPU.ActiveCfg = Debug|Any CPU
		{A5C9A24B-EF82-4571-8714-B34ACCC76B12}.Debug|Any CPU.Build.0 = Debug|Any CPU
		{A5C9A24B-EF82-4571-8714-B34ACCC76B12}.Release|Any CPU.ActiveCfg = Release|Any CPU
		{A5C9A24B-EF82-4571-8714-B34ACCC76B12}.Release|Any CPU.Build.0 = Release|Any CPU
	EndGlobalSection
	GlobalSection(SolutionProperties) = preSolution
		HideSolutionNode = FALSE
	EndGlobalSection
	GlobalSection(ExtensibilityGlobals) = postSolution
		SolutionGuid = {B620B4C3-B807-4C1A-826D-3330EDDD0069}
	EndGlobalSection
EndGlobal
