
Microsoft Visual Studio Solution File, Format Version 12.00
# Visual Studio Version 16
VisualStudioVersion = 16.0.30717.126
MinimumVisualStudioVersion = 10.0.40219.1
Project("{9A19103F-16F7-4668-BE54-9A1E7A4F7556}") = "Scheduling", "Scheduling\Scheduling.csproj", "{AE1BFB60-CD97-4C73-972E-99141410449F}"
EndProject
Project("{FAE04EC0-301F-11D3-BF4B-00C04F79EFBC}") = "Garden", "Garden\Garden.csproj", "{B563A262-E1FA-4F8A-9AD8-54FD0965755B}"
EndProject
Project("{FAE04EC0-301F-11D3-BF4B-00C04F79EFBC}") = "Classroom", "Classroom\Classroom.csproj", "{B3A07078-7902-4F09-9B08-29F25627627D}"
EndProject
Global
	GlobalSection(SolutionConfigurationPlatforms) = preSolution
		Debug|Any CPU = Debug|Any CPU
		Release|Any CPU = Release|Any CPU
	EndGlobalSection
	GlobalSection(ProjectConfigurationPlatforms) = postSolution
		{AE1BFB60-CD97-4C73-972E-99141410449F}.Debug|Any CPU.ActiveCfg = Debug|Any CPU
		{AE1BFB60-CD97-4C73-972E-99141410449F}.Debug|Any CPU.Build.0 = Debug|Any CPU
		{AE1BFB60-CD97-4C73-972E-99141410449F}.Release|Any CPU.ActiveCfg = Release|Any CPU
		{AE1BFB60-CD97-4C73-972E-99141410449F}.Release|Any CPU.Build.0 = Release|Any CPU
		{B563A262-E1FA-4F8A-9AD8-54FD0965755B}.Debug|Any CPU.ActiveCfg = Debug|Any CPU
		{B563A262-E1FA-4F8A-9AD8-54FD0965755B}.Debug|Any CPU.Build.0 = Debug|Any CPU
		{B563A262-E1FA-4F8A-9AD8-54FD0965755B}.Release|Any CPU.ActiveCfg = Release|Any CPU
		{B563A262-E1FA-4F8A-9AD8-54FD0965755B}.Release|Any CPU.Build.0 = Release|Any CPU
		{B3A07078-7902-4F09-9B08-29F25627627D}.Debug|Any CPU.ActiveCfg = Debug|Any CPU
		{B3A07078-7902-4F09-9B08-29F25627627D}.Debug|Any CPU.Build.0 = Debug|Any CPU
		{B3A07078-7902-4F09-9B08-29F25627627D}.Release|Any CPU.ActiveCfg = Release|Any CPU
		{B3A07078-7902-4F09-9B08-29F25627627D}.Release|Any CPU.Build.0 = Release|Any CPU
	EndGlobalSection
	GlobalSection(SolutionProperties) = preSolution
		HideSolutionNode = FALSE
	EndGlobalSection
	GlobalSection(ExtensibilityGlobals) = postSolution
		SolutionGuid = {CF7F36C9-8567-47F1-9EE7-8FED09C3F612}
	EndGlobalSection
EndGlobal
