
Microsoft Visual Studio Solution File, Format Version 12.00
# Visual Studio Version 16
VisualStudioVersion = 16.0.30711.63
MinimumVisualStudioVersion = 10.0.40219.1
Project("{9A19103F-16F7-4668-BE54-9A1E7A4F7556}") = "SecretChat", "SecretChat\SecretChat.csproj", "{9515E493-127D-4C0E-8D4D-9393B48B7DCE}"
EndProject
Project("{FAE04EC0-301F-11D3-BF4B-00C04F79EFBC}") = "MirrorWorlds", "MirrorWorlds\MirrorWorlds.csproj", "{46864306-B675-4AAA-A8A6-5C802F7C0175}"
EndProject
Project("{FAE04EC0-301F-11D3-BF4B-00C04F79EFBC}") = "NeedForSpeed3", "NeedForSpeed3\NeedForSpeed3.csproj", "{6AF44357-9206-4E9E-A915-3D75A5B1839C}"
EndProject
Global
	GlobalSection(SolutionConfigurationPlatforms) = preSolution
		Debug|Any CPU = Debug|Any CPU
		Release|Any CPU = Release|Any CPU
	EndGlobalSection
	GlobalSection(ProjectConfigurationPlatforms) = postSolution
		{9515E493-127D-4C0E-8D4D-9393B48B7DCE}.Debug|Any CPU.ActiveCfg = Debug|Any CPU
		{9515E493-127D-4C0E-8D4D-9393B48B7DCE}.Debug|Any CPU.Build.0 = Debug|Any CPU
		{9515E493-127D-4C0E-8D4D-9393B48B7DCE}.Release|Any CPU.ActiveCfg = Release|Any CPU
		{9515E493-127D-4C0E-8D4D-9393B48B7DCE}.Release|Any CPU.Build.0 = Release|Any CPU
		{46864306-B675-4AAA-A8A6-5C802F7C0175}.Debug|Any CPU.ActiveCfg = Debug|Any CPU
		{46864306-B675-4AAA-A8A6-5C802F7C0175}.Debug|Any CPU.Build.0 = Debug|Any CPU
		{46864306-B675-4AAA-A8A6-5C802F7C0175}.Release|Any CPU.ActiveCfg = Release|Any CPU
		{46864306-B675-4AAA-A8A6-5C802F7C0175}.Release|Any CPU.Build.0 = Release|Any CPU
		{6AF44357-9206-4E9E-A915-3D75A5B1839C}.Debug|Any CPU.ActiveCfg = Debug|Any CPU
		{6AF44357-9206-4E9E-A915-3D75A5B1839C}.Debug|Any CPU.Build.0 = Debug|Any CPU
		{6AF44357-9206-4E9E-A915-3D75A5B1839C}.Release|Any CPU.ActiveCfg = Release|Any CPU
		{6AF44357-9206-4E9E-A915-3D75A5B1839C}.Release|Any CPU.Build.0 = Release|Any CPU
	EndGlobalSection
	GlobalSection(SolutionProperties) = preSolution
		HideSolutionNode = FALSE
	EndGlobalSection
	GlobalSection(ExtensibilityGlobals) = postSolution
		SolutionGuid = {7A302370-B88D-4892-89D8-8424DEDB6118}
	EndGlobalSection
EndGlobal
