
Microsoft Visual Studio Solution File, Format Version 12.00
# Visual Studio Version 16
VisualStudioVersion = 16.0.30717.126
MinimumVisualStudioVersion = 10.0.40219.1
Project("{FAE04EC0-301F-11D3-BF4B-00C04F79EFBC}") = "StackAndQueues", "StackAndQueues\StackAndQueues.csproj", "{88BD3782-A584-43EF-A05E-B81C97A4F1B5}"
EndProject
Global
	GlobalSection(SolutionConfigurationPlatforms) = preSolution
		Debug|Any CPU = Debug|Any CPU
		Release|Any CPU = Release|Any CPU
	EndGlobalSection
	GlobalSection(ProjectConfigurationPlatforms) = postSolution
		{88BD3782-A584-43EF-A05E-B81C97A4F1B5}.Debug|Any CPU.ActiveCfg = Debug|Any CPU
		{88BD3782-A584-43EF-A05E-B81C97A4F1B5}.Debug|Any CPU.Build.0 = Debug|Any CPU
		{88BD3782-A584-43EF-A05E-B81C97A4F1B5}.Release|Any CPU.ActiveCfg = Release|Any CPU
		{88BD3782-A584-43EF-A05E-B81C97A4F1B5}.Release|Any CPU.Build.0 = Release|Any CPU
	EndGlobalSection
	GlobalSection(SolutionProperties) = preSolution
		HideSolutionNode = FALSE
	EndGlobalSection
	GlobalSection(ExtensibilityGlobals) = postSolution
		SolutionGuid = {38FF3C76-F630-484B-9687-FCA7A49CEEA2}
	EndGlobalSection
EndGlobal
