
Microsoft Visual Studio Solution File, Format Version 12.00
# Visual Studio Version 16
VisualStudioVersion = 16.0.30711.63
MinimumVisualStudioVersion = 10.0.40219.1
Project("{FAE04EC0-301F-11D3-BF4B-00C04F79EFBC}") = "MatchFullName", "RegularExpressions\MatchFullName.csproj", "{4D7A764B-3C86-4746-87E1-76A635670123}"
EndProject
Project("{FAE04EC0-301F-11D3-BF4B-00C04F79EFBC}") = "MatchPhoneNumber", "MatchPhoneNumber\MatchPhoneNumber.csproj", "{A87F43FE-0A7B-4646-B97E-038848B122CF}"
EndProject
Project("{FAE04EC0-301F-11D3-BF4B-00C04F79EFBC}") = "MatchDates", "MatchDates\MatchDates.csproj", "{9AB78502-36F5-43EE-A8D0-911A2474E4C3}"
EndProject
Global
	GlobalSection(SolutionConfigurationPlatforms) = preSolution
		Debug|Any CPU = Debug|Any CPU
		Release|Any CPU = Release|Any CPU
	EndGlobalSection
	GlobalSection(ProjectConfigurationPlatforms) = postSolution
		{4D7A764B-3C86-4746-87E1-76A635670123}.Debug|Any CPU.ActiveCfg = Debug|Any CPU
		{4D7A764B-3C86-4746-87E1-76A635670123}.Debug|Any CPU.Build.0 = Debug|Any CPU
		{4D7A764B-3C86-4746-87E1-76A635670123}.Release|Any CPU.ActiveCfg = Release|Any CPU
		{4D7A764B-3C86-4746-87E1-76A635670123}.Release|Any CPU.Build.0 = Release|Any CPU
		{A87F43FE-0A7B-4646-B97E-038848B122CF}.Debug|Any CPU.ActiveCfg = Debug|Any CPU
		{A87F43FE-0A7B-4646-B97E-038848B122CF}.Debug|Any CPU.Build.0 = Debug|Any CPU
		{A87F43FE-0A7B-4646-B97E-038848B122CF}.Release|Any CPU.ActiveCfg = Release|Any CPU
		{A87F43FE-0A7B-4646-B97E-038848B122CF}.Release|Any CPU.Build.0 = Release|Any CPU
		{9AB78502-36F5-43EE-A8D0-911A2474E4C3}.Debug|Any CPU.ActiveCfg = Debug|Any CPU
		{9AB78502-36F5-43EE-A8D0-911A2474E4C3}.Debug|Any CPU.Build.0 = Debug|Any CPU
		{9AB78502-36F5-43EE-A8D0-911A2474E4C3}.Release|Any CPU.ActiveCfg = Release|Any CPU
		{9AB78502-36F5-43EE-A8D0-911A2474E4C3}.Release|Any CPU.Build.0 = Release|Any CPU
	EndGlobalSection
	GlobalSection(SolutionProperties) = preSolution
		HideSolutionNode = FALSE
	EndGlobalSection
	GlobalSection(ExtensibilityGlobals) = postSolution
		SolutionGuid = {44F11CD4-D6CF-4FB8-8216-EEE75C0C8543}
	EndGlobalSection
EndGlobal
