
Microsoft Visual Studio Solution File, Format Version 12.00
# Visual Studio Version 16
VisualStudioVersion = 16.0.30717.126
MinimumVisualStudioVersion = 10.0.40219.1
Project("{FAE04EC0-301F-11D3-BF4B-00C04F79EFBC}") = "WorldTour", "WorldTour\WorldTour.csproj", "{D4D58A5E-ED7A-4B27-A819-0E6DE6CA99B7}"
EndProject
Project("{FAE04EC0-301F-11D3-BF4B-00C04F79EFBC}") = "DestinationMapper", "DestinationMapper\DestinationMapper.csproj", "{67EC04C1-C59C-42A2-9DAF-86AA5DB6FEA1}"
EndProject
Project("{FAE04EC0-301F-11D3-BF4B-00C04F79EFBC}") = "PlantDiscovery", "PlantDiscovery\PlantDiscovery.csproj", "{063EAB85-7E6E-45C7-B2E2-2EA23D45BA4D}"
EndProject
Global
	GlobalSection(SolutionConfigurationPlatforms) = preSolution
		Debug|Any CPU = Debug|Any CPU
		Release|Any CPU = Release|Any CPU
	EndGlobalSection
	GlobalSection(ProjectConfigurationPlatforms) = postSolution
		{D4D58A5E-ED7A-4B27-A819-0E6DE6CA99B7}.Debug|Any CPU.ActiveCfg = Debug|Any CPU
		{D4D58A5E-ED7A-4B27-A819-0E6DE6CA99B7}.Debug|Any CPU.Build.0 = Debug|Any CPU
		{D4D58A5E-ED7A-4B27-A819-0E6DE6CA99B7}.Release|Any CPU.ActiveCfg = Release|Any CPU
		{D4D58A5E-ED7A-4B27-A819-0E6DE6CA99B7}.Release|Any CPU.Build.0 = Release|Any CPU
		{67EC04C1-C59C-42A2-9DAF-86AA5DB6FEA1}.Debug|Any CPU.ActiveCfg = Debug|Any CPU
		{67EC04C1-C59C-42A2-9DAF-86AA5DB6FEA1}.Debug|Any CPU.Build.0 = Debug|Any CPU
		{67EC04C1-C59C-42A2-9DAF-86AA5DB6FEA1}.Release|Any CPU.ActiveCfg = Release|Any CPU
		{67EC04C1-C59C-42A2-9DAF-86AA5DB6FEA1}.Release|Any CPU.Build.0 = Release|Any CPU
		{063EAB85-7E6E-45C7-B2E2-2EA23D45BA4D}.Debug|Any CPU.ActiveCfg = Debug|Any CPU
		{063EAB85-7E6E-45C7-B2E2-2EA23D45BA4D}.Debug|Any CPU.Build.0 = Debug|Any CPU
		{063EAB85-7E6E-45C7-B2E2-2EA23D45BA4D}.Release|Any CPU.ActiveCfg = Release|Any CPU
		{063EAB85-7E6E-45C7-B2E2-2EA23D45BA4D}.Release|Any CPU.Build.0 = Release|Any CPU
	EndGlobalSection
	GlobalSection(SolutionProperties) = preSolution
		HideSolutionNode = FALSE
	EndGlobalSection
	GlobalSection(ExtensibilityGlobals) = postSolution
		SolutionGuid = {339FE249-47B8-46B0-9B75-4004EA808C0C}
	EndGlobalSection
EndGlobal
