
Microsoft Visual Studio Solution File, Format Version 12.00
# Visual Studio Version 16
VisualStudioVersion = 16.0.30717.126
MinimumVisualStudioVersion = 10.0.40219.1
Project("{FAE04EC0-301F-11D3-BF4B-00C04F79EFBC}") = "PrintupperWord", "PrintupperWord\PrintupperWord.csproj", "{7538CC01-7C8E-437E-8969-F510B9263D35}"
EndProject
Project("{FAE04EC0-301F-11D3-BF4B-00C04F79EFBC}") = "VAT", "VAT\VAT.csproj", "{ED543931-BF87-42C8-8455-FF3B92542327}"
EndProject
Project("{FAE04EC0-301F-11D3-BF4B-00C04F79EFBC}") = "FiltherByAge", "FiltherByAge\FiltherByAge.csproj", "{4C165137-9C5B-4D7E-A6C3-9EC5F200AE9C}"
EndProject
Project("{FAE04EC0-301F-11D3-BF4B-00C04F79EFBC}") = "SortEvenNums", "SortEvenNums\SortEvenNums.csproj", "{48CE989B-8CA0-4A92-9013-D2B38BA495D4}"
EndProject
Project("{FAE04EC0-301F-11D3-BF4B-00C04F79EFBC}") = "SumNumbers", "SumNumbers\SumNumbers.csproj", "{9B48C4D1-2F5B-49A4-8D15-C0E6421D2EB0}"
EndProject
Global
	GlobalSection(SolutionConfigurationPlatforms) = preSolution
		Debug|Any CPU = Debug|Any CPU
		Release|Any CPU = Release|Any CPU
	EndGlobalSection
	GlobalSection(ProjectConfigurationPlatforms) = postSolution
		{7538CC01-7C8E-437E-8969-F510B9263D35}.Debug|Any CPU.ActiveCfg = Debug|Any CPU
		{7538CC01-7C8E-437E-8969-F510B9263D35}.Debug|Any CPU.Build.0 = Debug|Any CPU
		{7538CC01-7C8E-437E-8969-F510B9263D35}.Release|Any CPU.ActiveCfg = Release|Any CPU
		{7538CC01-7C8E-437E-8969-F510B9263D35}.Release|Any CPU.Build.0 = Release|Any CPU
		{ED543931-BF87-42C8-8455-FF3B92542327}.Debug|Any CPU.ActiveCfg = Debug|Any CPU
		{ED543931-BF87-42C8-8455-FF3B92542327}.Debug|Any CPU.Build.0 = Debug|Any CPU
		{ED543931-BF87-42C8-8455-FF3B92542327}.Release|Any CPU.ActiveCfg = Release|Any CPU
		{ED543931-BF87-42C8-8455-FF3B92542327}.Release|Any CPU.Build.0 = Release|Any CPU
		{4C165137-9C5B-4D7E-A6C3-9EC5F200AE9C}.Debug|Any CPU.ActiveCfg = Debug|Any CPU
		{4C165137-9C5B-4D7E-A6C3-9EC5F200AE9C}.Debug|Any CPU.Build.0 = Debug|Any CPU
		{4C165137-9C5B-4D7E-A6C3-9EC5F200AE9C}.Release|Any CPU.ActiveCfg = Release|Any CPU
		{4C165137-9C5B-4D7E-A6C3-9EC5F200AE9C}.Release|Any CPU.Build.0 = Release|Any CPU
		{48CE989B-8CA0-4A92-9013-D2B38BA495D4}.Debug|Any CPU.ActiveCfg = Debug|Any CPU
		{48CE989B-8CA0-4A92-9013-D2B38BA495D4}.Debug|Any CPU.Build.0 = Debug|Any CPU
		{48CE989B-8CA0-4A92-9013-D2B38BA495D4}.Release|Any CPU.ActiveCfg = Release|Any CPU
		{48CE989B-8CA0-4A92-9013-D2B38BA495D4}.Release|Any CPU.Build.0 = Release|Any CPU
		{9B48C4D1-2F5B-49A4-8D15-C0E6421D2EB0}.Debug|Any CPU.ActiveCfg = Debug|Any CPU
		{9B48C4D1-2F5B-49A4-8D15-C0E6421D2EB0}.Debug|Any CPU.Build.0 = Debug|Any CPU
		{9B48C4D1-2F5B-49A4-8D15-C0E6421D2EB0}.Release|Any CPU.ActiveCfg = Release|Any CPU
		{9B48C4D1-2F5B-49A4-8D15-C0E6421D2EB0}.Release|Any CPU.Build.0 = Release|Any CPU
	EndGlobalSection
	GlobalSection(SolutionProperties) = preSolution
		HideSolutionNode = FALSE
	EndGlobalSection
	GlobalSection(ExtensibilityGlobals) = postSolution
		SolutionGuid = {F47DF7C0-FF7D-4A1D-8761-E9696F81A88D}
	EndGlobalSection
EndGlobal
