
Microsoft Visual Studio Solution File, Format Version 12.00
# Visual Studio Version 16
VisualStudioVersion = 16.0.30717.126
MinimumVisualStudioVersion = 10.0.40219.1
Project("{FAE04EC0-301F-11D3-BF4B-00C04F79EFBC}") = "Cooking", "Cooking\Cooking.csproj", "{68BBFCB5-BD03-4A14-9F37-A9F42E6298A3}"
EndProject
Project("{FAE04EC0-301F-11D3-BF4B-00C04F79EFBC}") = "Selling", "Selling\Selling.csproj", "{FD391321-777C-425E-A222-9F6FBF5950F3}"
EndProject
Project("{FAE04EC0-301F-11D3-BF4B-00C04F79EFBC}") = "BakeryOpening", "BakeryOpening\BakeryOpening.csproj", "{A001703E-39C3-482E-875E-74E6F8A6DEE9}"
EndProject
Global
	GlobalSection(SolutionConfigurationPlatforms) = preSolution
		Debug|Any CPU = Debug|Any CPU
		Release|Any CPU = Release|Any CPU
	EndGlobalSection
	GlobalSection(ProjectConfigurationPlatforms) = postSolution
		{68BBFCB5-BD03-4A14-9F37-A9F42E6298A3}.Debug|Any CPU.ActiveCfg = Debug|Any CPU
		{68BBFCB5-BD03-4A14-9F37-A9F42E6298A3}.Debug|Any CPU.Build.0 = Debug|Any CPU
		{68BBFCB5-BD03-4A14-9F37-A9F42E6298A3}.Release|Any CPU.ActiveCfg = Release|Any CPU
		{68BBFCB5-BD03-4A14-9F37-A9F42E6298A3}.Release|Any CPU.Build.0 = Release|Any CPU
		{FD391321-777C-425E-A222-9F6FBF5950F3}.Debug|Any CPU.ActiveCfg = Debug|Any CPU
		{FD391321-777C-425E-A222-9F6FBF5950F3}.Debug|Any CPU.Build.0 = Debug|Any CPU
		{FD391321-777C-425E-A222-9F6FBF5950F3}.Release|Any CPU.ActiveCfg = Release|Any CPU
		{FD391321-777C-425E-A222-9F6FBF5950F3}.Release|Any CPU.Build.0 = Release|Any CPU
		{A001703E-39C3-482E-875E-74E6F8A6DEE9}.Debug|Any CPU.ActiveCfg = Debug|Any CPU
		{A001703E-39C3-482E-875E-74E6F8A6DEE9}.Debug|Any CPU.Build.0 = Debug|Any CPU
		{A001703E-39C3-482E-875E-74E6F8A6DEE9}.Release|Any CPU.ActiveCfg = Release|Any CPU
		{A001703E-39C3-482E-875E-74E6F8A6DEE9}.Release|Any CPU.Build.0 = Release|Any CPU
	EndGlobalSection
	GlobalSection(SolutionProperties) = preSolution
		HideSolutionNode = FALSE
	EndGlobalSection
	GlobalSection(ExtensibilityGlobals) = postSolution
		SolutionGuid = {D5FAEEB1-A58E-4FBC-9F11-698B8E413C4E}
	EndGlobalSection
EndGlobal
