
Microsoft Visual Studio Solution File, Format Version 12.00
# Visual Studio Version 16
VisualStudioVersion = 16.0.30611.23
MinimumVisualStudioVersion = 10.0.40219.1
Project("{9A19103F-16F7-4668-BE54-9A1E7A4F7556}") = "CountCharsInAString", "ASSOCIATIVEARRAYSEXE\CountCharsInAString.csproj", "{AADBEC58-969A-4D3A-A3A3-591B9D577BF0}"
EndProject
Project("{FAE04EC0-301F-11D3-BF4B-00C04F79EFBC}") = "AMinterTask", "AMinterTask\AMinterTask.csproj", "{6012CD49-0013-47F5-AE03-01827EC4B02A}"
EndProject
Project("{FAE04EC0-301F-11D3-BF4B-00C04F79EFBC}") = "LegendaryFarming", "LegendaryFarming\LegendaryFarming.csproj", "{BBC91D51-C674-4EC6-A66F-4EF154BC3A27}"
EndProject
Project("{FAE04EC0-301F-11D3-BF4B-00C04F79EFBC}") = "Orders", "Orders\Orders.csproj", "{18D4B16B-3855-41DF-B151-042D7A65CE99}"
EndProject
Project("{FAE04EC0-301F-11D3-BF4B-00C04F79EFBC}") = "SoftUniParking", "SoftUniParking\SoftUniParking.csproj", "{14B43127-4786-4858-A75F-01D0ED8CAE58}"
EndProject
Project("{FAE04EC0-301F-11D3-BF4B-00C04F79EFBC}") = "Courses", "Courses\Courses.csproj", "{83E39930-2444-47A5-B4F6-5FA3BE46206D}"
EndProject
Project("{FAE04EC0-301F-11D3-BF4B-00C04F79EFBC}") = "SoftUniExamResults", "SoftUniExamResults\SoftUniExamResults.csproj", "{ACCE9B90-AA5E-482D-8657-ECCE29144E39}"
EndProject
Global
	GlobalSection(SolutionConfigurationPlatforms) = preSolution
		Debug|Any CPU = Debug|Any CPU
		Release|Any CPU = Release|Any CPU
	EndGlobalSection
	GlobalSection(ProjectConfigurationPlatforms) = postSolution
		{AADBEC58-969A-4D3A-A3A3-591B9D577BF0}.Debug|Any CPU.ActiveCfg = Debug|Any CPU
		{AADBEC58-969A-4D3A-A3A3-591B9D577BF0}.Debug|Any CPU.Build.0 = Debug|Any CPU
		{AADBEC58-969A-4D3A-A3A3-591B9D577BF0}.Release|Any CPU.ActiveCfg = Release|Any CPU
		{AADBEC58-969A-4D3A-A3A3-591B9D577BF0}.Release|Any CPU.Build.0 = Release|Any CPU
		{6012CD49-0013-47F5-AE03-01827EC4B02A}.Debug|Any CPU.ActiveCfg = Debug|Any CPU
		{6012CD49-0013-47F5-AE03-01827EC4B02A}.Debug|Any CPU.Build.0 = Debug|Any CPU
		{6012CD49-0013-47F5-AE03-01827EC4B02A}.Release|Any CPU.ActiveCfg = Release|Any CPU
		{6012CD49-0013-47F5-AE03-01827EC4B02A}.Release|Any CPU.Build.0 = Release|Any CPU
		{BBC91D51-C674-4EC6-A66F-4EF154BC3A27}.Debug|Any CPU.ActiveCfg = Debug|Any CPU
		{BBC91D51-C674-4EC6-A66F-4EF154BC3A27}.Debug|Any CPU.Build.0 = Debug|Any CPU
		{BBC91D51-C674-4EC6-A66F-4EF154BC3A27}.Release|Any CPU.ActiveCfg = Release|Any CPU
		{BBC91D51-C674-4EC6-A66F-4EF154BC3A27}.Release|Any CPU.Build.0 = Release|Any CPU
		{18D4B16B-3855-41DF-B151-042D7A65CE99}.Debug|Any CPU.ActiveCfg = Debug|Any CPU
		{18D4B16B-3855-41DF-B151-042D7A65CE99}.Debug|Any CPU.Build.0 = Debug|Any CPU
		{18D4B16B-3855-41DF-B151-042D7A65CE99}.Release|Any CPU.ActiveCfg = Release|Any CPU
		{18D4B16B-3855-41DF-B151-042D7A65CE99}.Release|Any CPU.Build.0 = Release|Any CPU
		{14B43127-4786-4858-A75F-01D0ED8CAE58}.Debug|Any CPU.ActiveCfg = Debug|Any CPU
		{14B43127-4786-4858-A75F-01D0ED8CAE58}.Debug|Any CPU.Build.0 = Debug|Any CPU
		{14B43127-4786-4858-A75F-01D0ED8CAE58}.Release|Any CPU.ActiveCfg = Release|Any CPU
		{14B43127-4786-4858-A75F-01D0ED8CAE58}.Release|Any CPU.Build.0 = Release|Any CPU
		{83E39930-2444-47A5-B4F6-5FA3BE46206D}.Debug|Any CPU.ActiveCfg = Debug|Any CPU
		{83E39930-2444-47A5-B4F6-5FA3BE46206D}.Debug|Any CPU.Build.0 = Debug|Any CPU
		{83E39930-2444-47A5-B4F6-5FA3BE46206D}.Release|Any CPU.ActiveCfg = Release|Any CPU
		{83E39930-2444-47A5-B4F6-5FA3BE46206D}.Release|Any CPU.Build.0 = Release|Any CPU
		{ACCE9B90-AA5E-482D-8657-ECCE29144E39}.Debug|Any CPU.ActiveCfg = Debug|Any CPU
		{ACCE9B90-AA5E-482D-8657-ECCE29144E39}.Debug|Any CPU.Build.0 = Debug|Any CPU
		{ACCE9B90-AA5E-482D-8657-ECCE29144E39}.Release|Any CPU.ActiveCfg = Release|Any CPU
		{ACCE9B90-AA5E-482D-8657-ECCE29144E39}.Release|Any CPU.Build.0 = Release|Any CPU
	EndGlobalSection
	GlobalSection(SolutionProperties) = preSolution
		HideSolutionNode = FALSE
	EndGlobalSection
	GlobalSection(ExtensibilityGlobals) = postSolution
		SolutionGuid = {21566F94-9552-4E6A-95BB-372253D0406B}
	EndGlobalSection
EndGlobal
