
Microsoft Visual Studio Solution File, Format Version 12.00
# Visual Studio Version 16
VisualStudioVersion = 16.0.31129.286
MinimumVisualStudioVersion = 10.0.40219.1
Project("{9A19103F-16F7-4668-BE54-9A1E7A4F7556}") = "P03_FootballBetting", "P03_FootballBetting\P03_FootballBetting.csproj", "{8C575617-7EBA-4047-8B02-6E5624DBEEDD}"
EndProject
Project("{FAE04EC0-301F-11D3-BF4B-00C04F79EFBC}") = "P03_FootballBetting.Data.Models", "P03_FootballBetting.Data.Models\P03_FootballBetting.Data.Models.csproj", "{D4D3DC40-196F-4AA9-AB56-B3EBDFC8BB11}"
EndProject
Project("{FAE04EC0-301F-11D3-BF4B-00C04F79EFBC}") = "P03_FootballBetting.Data", "P03_FootballBetting.Data\P03_FootballBetting.Data.csproj", "{27F00545-DC74-4FFA-A5CC-A9DE78933886}"
EndProject
Global
	GlobalSection(SolutionConfigurationPlatforms) = preSolution
		Debug|Any CPU = Debug|Any CPU
		Release|Any CPU = Release|Any CPU
	EndGlobalSection
	GlobalSection(ProjectConfigurationPlatforms) = postSolution
		{8C575617-7EBA-4047-8B02-6E5624DBEEDD}.Debug|Any CPU.ActiveCfg = Debug|Any CPU
		{8C575617-7EBA-4047-8B02-6E5624DBEEDD}.Debug|Any CPU.Build.0 = Debug|Any CPU
		{8C575617-7EBA-4047-8B02-6E5624DBEEDD}.Release|Any CPU.ActiveCfg = Release|Any CPU
		{8C575617-7EBA-4047-8B02-6E5624DBEEDD}.Release|Any CPU.Build.0 = Release|Any CPU
		{D4D3DC40-196F-4AA9-AB56-B3EBDFC8BB11}.Debug|Any CPU.ActiveCfg = Debug|Any CPU
		{D4D3DC40-196F-4AA9-AB56-B3EBDFC8BB11}.Debug|Any CPU.Build.0 = Debug|Any CPU
		{D4D3DC40-196F-4AA9-AB56-B3EBDFC8BB11}.Release|Any CPU.ActiveCfg = Release|Any CPU
		{D4D3DC40-196F-4AA9-AB56-B3EBDFC8BB11}.Release|Any CPU.Build.0 = Release|Any CPU
		{27F00545-DC74-4FFA-A5CC-A9DE78933886}.Debug|Any CPU.ActiveCfg = Debug|Any CPU
		{27F00545-DC74-4FFA-A5CC-A9DE78933886}.Debug|Any CPU.Build.0 = Debug|Any CPU
		{27F00545-DC74-4FFA-A5CC-A9DE78933886}.Release|Any CPU.ActiveCfg = Release|Any CPU
		{27F00545-DC74-4FFA-A5CC-A9DE78933886}.Release|Any CPU.Build.0 = Release|Any CPU
	EndGlobalSection
	GlobalSection(SolutionProperties) = preSolution
		HideSolutionNode = FALSE
	EndGlobalSection
	GlobalSection(ExtensibilityGlobals) = postSolution
		SolutionGuid = {1F4108DF-BB6B-4E2B-A51B-831275DB4198}
	EndGlobalSection
EndGlobal
