
Microsoft Visual Studio Solution File, Format Version 12.00
# Visual Studio Version 17
VisualStudioVersion = 17.0.31903.59
MinimumVisualStudioVersion = 10.0.40219.1
Project("{FAE04EC0-301F-11D3-BF4B-00C04F79EFBC}") = "Warehouse", "Warehouse\Warehouse.csproj", "{156F1D32-B128-43B9-8CDE-BF84CACFD6EE}"
EndProject
Project("{FAE04EC0-301F-11D3-BF4B-00C04F79EFBC}") = "Warehouse.Core", "Warehouse.Core\Warehouse.Core.csproj", "{EA48875A-5AE4-4F1C-AC54-EE27C7142810}"
EndProject
Project("{FAE04EC0-301F-11D3-BF4B-00C04F79EFBC}") = "Warehouse.Infrastructure", "Warehouse.Infrastructure\Warehouse.Infrastructure.csproj", "{F325C52B-ADEF-417E-BCE4-B0ECA3D2AE5D}"
EndProject
Global
	GlobalSection(SolutionConfigurationPlatforms) = preSolution
		Debug|Any CPU = Debug|Any CPU
		Release|Any CPU = Release|Any CPU
	EndGlobalSection
	GlobalSection(ProjectConfigurationPlatforms) = postSolution
		{156F1D32-B128-43B9-8CDE-BF84CACFD6EE}.Debug|Any CPU.ActiveCfg = Debug|Any CPU
		{156F1D32-B128-43B9-8CDE-BF84CACFD6EE}.Debug|Any CPU.Build.0 = Debug|Any CPU
		{156F1D32-B128-43B9-8CDE-BF84CACFD6EE}.Release|Any CPU.ActiveCfg = Release|Any CPU
		{156F1D32-B128-43B9-8CDE-BF84CACFD6EE}.Release|Any CPU.Build.0 = Release|Any CPU
		{EA48875A-5AE4-4F1C-AC54-EE27C7142810}.Debug|Any CPU.ActiveCfg = Debug|Any CPU
		{EA48875A-5AE4-4F1C-AC54-EE27C7142810}.Debug|Any CPU.Build.0 = Debug|Any CPU
		{EA48875A-5AE4-4F1C-AC54-EE27C7142810}.Release|Any CPU.ActiveCfg = Release|Any CPU
		{EA48875A-5AE4-4F1C-AC54-EE27C7142810}.Release|Any CPU.Build.0 = Release|Any CPU
		{F325C52B-ADEF-417E-BCE4-B0ECA3D2AE5D}.Debug|Any CPU.ActiveCfg = Debug|Any CPU
		{F325C52B-ADEF-417E-BCE4-B0ECA3D2AE5D}.Debug|Any CPU.Build.0 = Debug|Any CPU
		{F325C52B-ADEF-417E-BCE4-B0ECA3D2AE5D}.Release|Any CPU.ActiveCfg = Release|Any CPU
		{F325C52B-ADEF-417E-BCE4-B0ECA3D2AE5D}.Release|Any CPU.Build.0 = Release|Any CPU
	EndGlobalSection
	GlobalSection(SolutionProperties) = preSolution
		HideSolutionNode = FALSE
	EndGlobalSection
	GlobalSection(ExtensibilityGlobals) = postSolution
		SolutionGuid = {A7BA5D5D-755E-474E-951A-D3F6A03D6914}
	EndGlobalSection
EndGlobal
