
Microsoft Visual Studio Solution File, Format Version 12.00
# Visual Studio Version 16
VisualStudioVersion = 16.0.31129.286
MinimumVisualStudioVersion = 10.0.40219.1
Project("{FAE04EC0-301F-11D3-BF4B-00C04F79EFBC}") = "Entrity Framework Core", "Entrity Framework Core\Entrity Framework Core.csproj", "{7F9E28A4-EDDF-4664-BB47-B19D37E170DE}"
EndProject
Global
	GlobalSection(SolutionConfigurationPlatforms) = preSolution
		Debug|Any CPU = Debug|Any CPU
		Release|Any CPU = Release|Any CPU
	EndGlobalSection
	GlobalSection(ProjectConfigurationPlatforms) = postSolution
		{7F9E28A4-EDDF-4664-BB47-B19D37E170DE}.Debug|Any CPU.ActiveCfg = Debug|Any CPU
		{7F9E28A4-EDDF-4664-BB47-B19D37E170DE}.Debug|Any CPU.Build.0 = Debug|Any CPU
		{7F9E28A4-EDDF-4664-BB47-B19D37E170DE}.Release|Any CPU.ActiveCfg = Release|Any CPU
		{7F9E28A4-EDDF-4664-BB47-B19D37E170DE}.Release|Any CPU.Build.0 = Release|Any CPU
	EndGlobalSection
	GlobalSection(SolutionProperties) = preSolution
		HideSolutionNode = FALSE
	EndGlobalSection
	GlobalSection(ExtensibilityGlobals) = postSolution
		SolutionGuid = {AD4DB96E-322E-4CD5-A449-23B0EE78DB38}
	EndGlobalSection
EndGlobal
