
Microsoft Visual Studio Solution File, Format Version 12.00
# Visual Studio Version 16
VisualStudioVersion = 16.0.30011.22
MinimumVisualStudioVersion = 10.0.40219.1
Project("{9A19103F-16F7-4668-BE54-9A1E7A4F7556}") = "IfElseButHarder", "IfElseButHarder\IfElseButHarder.csproj", "{B032291C-E1DB-425D-BEFC-A99BC82C2E66}"
EndProject
Project("{FAE04EC0-301F-11D3-BF4B-00C04F79EFBC}") = "WorkingDay", "WorkingDay\WorkingDay.csproj", "{87495FC2-09E9-4C75-8B0F-A97DA43AD913}"
EndProject
Project("{FAE04EC0-301F-11D3-BF4B-00C04F79EFBC}") = "VegetableOrFruit", "VegetableOrFruit\VegetableOrFruit.csproj", "{36144E50-4D5C-4514-B064-37D9424E5CAF}"
EndProject
Project("{FAE04EC0-301F-11D3-BF4B-00C04F79EFBC}") = "SmallShop", "SmallShop\SmallShop.csproj", "{5D964AD8-BCF4-4EA6-A88E-FD54AB26E7AF}"
EndProject
Project("{FAE04EC0-301F-11D3-BF4B-00C04F79EFBC}") = "Genders", "Genders\Genders.csproj", "{491B2E04-84C4-43A0-816A-9117EDEBFA26}"
EndProject
Project("{FAE04EC0-301F-11D3-BF4B-00C04F79EFBC}") = "NumberOfRange", "NumberOfRange\NumberOfRange.csproj", "{8FBF4540-A68C-4487-BEE5-1EB498D553E7}"
EndProject
Project("{FAE04EC0-301F-11D3-BF4B-00C04F79EFBC}") = "CinemaTickets", "CinemaTickets\CinemaTickets.csproj", "{5D8EEB10-78D2-4BD9-8E15-A7E94D25DC4B}"
EndProject
Project("{FAE04EC0-301F-11D3-BF4B-00C04F79EFBC}") = "SkiTrip", "SkiTrip\SkiTrip.csproj", "{CBD48766-DE38-41B8-80D3-EEAFB32E355B}"
EndProject
Project("{FAE04EC0-301F-11D3-BF4B-00C04F79EFBC}") = "WorkingHours", "WorkingHours\WorkingHours.csproj", "{6DA11B18-D790-4EE2-8018-2FE5F4225710}"
EndProject
Project("{FAE04EC0-301F-11D3-BF4B-00C04F79EFBC}") = "InvalidNumber", "InvalidNumber\InvalidNumber.csproj", "{90499BEA-3E02-4E9A-A9EF-50E875128C64}"
EndProject
Project("{FAE04EC0-301F-11D3-BF4B-00C04F79EFBC}") = "FruitShop", "FruitShop\FruitShop.csproj", "{922273AB-071A-4FC5-A094-1C4F719485DF}"
EndProject
Project("{FAE04EC0-301F-11D3-BF4B-00C04F79EFBC}") = "TradeCommisions", "TradeCommisions\TradeCommisions.csproj", "{59B9F656-30CB-4B94-886F-6B357B02D430}"
EndProject
Global
	GlobalSection(SolutionConfigurationPlatforms) = preSolution
		Debug|Any CPU = Debug|Any CPU
		Release|Any CPU = Release|Any CPU
	EndGlobalSection
	GlobalSection(ProjectConfigurationPlatforms) = postSolution
		{B032291C-E1DB-425D-BEFC-A99BC82C2E66}.Debug|Any CPU.ActiveCfg = Debug|Any CPU
		{B032291C-E1DB-425D-BEFC-A99BC82C2E66}.Debug|Any CPU.Build.0 = Debug|Any CPU
		{B032291C-E1DB-425D-BEFC-A99BC82C2E66}.Release|Any CPU.ActiveCfg = Release|Any CPU
		{B032291C-E1DB-425D-BEFC-A99BC82C2E66}.Release|Any CPU.Build.0 = Release|Any CPU
		{87495FC2-09E9-4C75-8B0F-A97DA43AD913}.Debug|Any CPU.ActiveCfg = Debug|Any CPU
		{87495FC2-09E9-4C75-8B0F-A97DA43AD913}.Debug|Any CPU.Build.0 = Debug|Any CPU
		{87495FC2-09E9-4C75-8B0F-A97DA43AD913}.Release|Any CPU.ActiveCfg = Release|Any CPU
		{87495FC2-09E9-4C75-8B0F-A97DA43AD913}.Release|Any CPU.Build.0 = Release|Any CPU
		{36144E50-4D5C-4514-B064-37D9424E5CAF}.Debug|Any CPU.ActiveCfg = Debug|Any CPU
		{36144E50-4D5C-4514-B064-37D9424E5CAF}.Debug|Any CPU.Build.0 = Debug|Any CPU
		{36144E50-4D5C-4514-B064-37D9424E5CAF}.Release|Any CPU.ActiveCfg = Release|Any CPU
		{36144E50-4D5C-4514-B064-37D9424E5CAF}.Release|Any CPU.Build.0 = Release|Any CPU
		{5D964AD8-BCF4-4EA6-A88E-FD54AB26E7AF}.Debug|Any CPU.ActiveCfg = Debug|Any CPU
		{5D964AD8-BCF4-4EA6-A88E-FD54AB26E7AF}.Debug|Any CPU.Build.0 = Debug|Any CPU
		{5D964AD8-BCF4-4EA6-A88E-FD54AB26E7AF}.Release|Any CPU.ActiveCfg = Release|Any CPU
		{5D964AD8-BCF4-4EA6-A88E-FD54AB26E7AF}.Release|Any CPU.Build.0 = Release|Any CPU
		{491B2E04-84C4-43A0-816A-9117EDEBFA26}.Debug|Any CPU.ActiveCfg = Debug|Any CPU
		{491B2E04-84C4-43A0-816A-9117EDEBFA26}.Debug|Any CPU.Build.0 = Debug|Any CPU
		{491B2E04-84C4-43A0-816A-9117EDEBFA26}.Release|Any CPU.ActiveCfg = Release|Any CPU
		{491B2E04-84C4-43A0-816A-9117EDEBFA26}.Release|Any CPU.Build.0 = Release|Any CPU
		{8FBF4540-A68C-4487-BEE5-1EB498D553E7}.Debug|Any CPU.ActiveCfg = Debug|Any CPU
		{8FBF4540-A68C-4487-BEE5-1EB498D553E7}.Debug|Any CPU.Build.0 = Debug|Any CPU
		{8FBF4540-A68C-4487-BEE5-1EB498D553E7}.Release|Any CPU.ActiveCfg = Release|Any CPU
		{8FBF4540-A68C-4487-BEE5-1EB498D553E7}.Release|Any CPU.Build.0 = Release|Any CPU
		{5D8EEB10-78D2-4BD9-8E15-A7E94D25DC4B}.Debug|Any CPU.ActiveCfg = Debug|Any CPU
		{5D8EEB10-78D2-4BD9-8E15-A7E94D25DC4B}.Debug|Any CPU.Build.0 = Debug|Any CPU
		{5D8EEB10-78D2-4BD9-8E15-A7E94D25DC4B}.Release|Any CPU.ActiveCfg = Release|Any CPU
		{5D8EEB10-78D2-4BD9-8E15-A7E94D25DC4B}.Release|Any CPU.Build.0 = Release|Any CPU
		{CBD48766-DE38-41B8-80D3-EEAFB32E355B}.Debug|Any CPU.ActiveCfg = Debug|Any CPU
		{CBD48766-DE38-41B8-80D3-EEAFB32E355B}.Debug|Any CPU.Build.0 = Debug|Any CPU
		{CBD48766-DE38-41B8-80D3-EEAFB32E355B}.Release|Any CPU.ActiveCfg = Release|Any CPU
		{CBD48766-DE38-41B8-80D3-EEAFB32E355B}.Release|Any CPU.Build.0 = Release|Any CPU
		{6DA11B18-D790-4EE2-8018-2FE5F4225710}.Debug|Any CPU.ActiveCfg = Debug|Any CPU
		{6DA11B18-D790-4EE2-8018-2FE5F4225710}.Debug|Any CPU.Build.0 = Debug|Any CPU
		{6DA11B18-D790-4EE2-8018-2FE5F4225710}.Release|Any CPU.ActiveCfg = Release|Any CPU
		{6DA11B18-D790-4EE2-8018-2FE5F4225710}.Release|Any CPU.Build.0 = Release|Any CPU
		{90499BEA-3E02-4E9A-A9EF-50E875128C64}.Debug|Any CPU.ActiveCfg = Debug|Any CPU
		{90499BEA-3E02-4E9A-A9EF-50E875128C64}.Debug|Any CPU.Build.0 = Debug|Any CPU
		{90499BEA-3E02-4E9A-A9EF-50E875128C64}.Release|Any CPU.ActiveCfg = Release|Any CPU
		{90499BEA-3E02-4E9A-A9EF-50E875128C64}.Release|Any CPU.Build.0 = Release|Any CPU
		{922273AB-071A-4FC5-A094-1C4F719485DF}.Debug|Any CPU.ActiveCfg = Debug|Any CPU
		{922273AB-071A-4FC5-A094-1C4F719485DF}.Debug|Any CPU.Build.0 = Debug|Any CPU
		{922273AB-071A-4FC5-A094-1C4F719485DF}.Release|Any CPU.ActiveCfg = Release|Any CPU
		{922273AB-071A-4FC5-A094-1C4F719485DF}.Release|Any CPU.Build.0 = Release|Any CPU
		{59B9F656-30CB-4B94-886F-6B357B02D430}.Debug|Any CPU.ActiveCfg = Debug|Any CPU
		{59B9F656-30CB-4B94-886F-6B357B02D430}.Debug|Any CPU.Build.0 = Debug|Any CPU
		{59B9F656-30CB-4B94-886F-6B357B02D430}.Release|Any CPU.ActiveCfg = Release|Any CPU
		{59B9F656-30CB-4B94-886F-6B357B02D430}.Release|Any CPU.Build.0 = Release|Any CPU
	EndGlobalSection
	GlobalSection(SolutionProperties) = preSolution
		HideSolutionNode = FALSE
	EndGlobalSection
	GlobalSection(ExtensibilityGlobals) = postSolution
		SolutionGuid = {3B5A9FF6-3A2E-4AA6-A4F0-BB97B96E42B8}
	EndGlobalSection
EndGlobal
