
Microsoft Visual Studio Solution File, Format Version 12.00
# Visual Studio Version 16
VisualStudioVersion = 16.0.30717.126
MinimumVisualStudioVersion = 10.0.40219.1
Project("{FAE04EC0-301F-11D3-BF4B-00C04F79EFBC}") = "Bombs", "Bombs\Bombs.csproj", "{E40C0E2E-2583-4243-9391-8E5C5CCE6E95}"
EndProject
Project("{FAE04EC0-301F-11D3-BF4B-00C04F79EFBC}") = "Snake", "Snake\Snake.csproj", "{1AE4C87B-0563-4B0B-9852-FCD18A15DCAC}"
EndProject
Project("{FAE04EC0-301F-11D3-BF4B-00C04F79EFBC}") = "Parking", "Parking\Parking.csproj", "{4DCCBEFD-C0D5-4DFA-87BF-CF767BC413BE}"
EndProject
Global
	GlobalSection(SolutionConfigurationPlatforms) = preSolution
		Debug|Any CPU = Debug|Any CPU
		Release|Any CPU = Release|Any CPU
	EndGlobalSection
	GlobalSection(ProjectConfigurationPlatforms) = postSolution
		{E40C0E2E-2583-4243-9391-8E5C5CCE6E95}.Debug|Any CPU.ActiveCfg = Debug|Any CPU
		{E40C0E2E-2583-4243-9391-8E5C5CCE6E95}.Debug|Any CPU.Build.0 = Debug|Any CPU
		{E40C0E2E-2583-4243-9391-8E5C5CCE6E95}.Release|Any CPU.ActiveCfg = Release|Any CPU
		{E40C0E2E-2583-4243-9391-8E5C5CCE6E95}.Release|Any CPU.Build.0 = Release|Any CPU
		{1AE4C87B-0563-4B0B-9852-FCD18A15DCAC}.Debug|Any CPU.ActiveCfg = Debug|Any CPU
		{1AE4C87B-0563-4B0B-9852-FCD18A15DCAC}.Debug|Any CPU.Build.0 = Debug|Any CPU
		{1AE4C87B-0563-4B0B-9852-FCD18A15DCAC}.Release|Any CPU.ActiveCfg = Release|Any CPU
		{1AE4C87B-0563-4B0B-9852-FCD18A15DCAC}.Release|Any CPU.Build.0 = Release|Any CPU
		{4DCCBEFD-C0D5-4DFA-87BF-CF767BC413BE}.Debug|Any CPU.ActiveCfg = Debug|Any CPU
		{4DCCBEFD-C0D5-4DFA-87BF-CF767BC413BE}.Debug|Any CPU.Build.0 = Debug|Any CPU
		{4DCCBEFD-C0D5-4DFA-87BF-CF767BC413BE}.Release|Any CPU.ActiveCfg = Release|Any CPU
		{4DCCBEFD-C0D5-4DFA-87BF-CF767BC413BE}.Release|Any CPU.Build.0 = Release|Any CPU
	EndGlobalSection
	GlobalSection(SolutionProperties) = preSolution
		HideSolutionNode = FALSE
	EndGlobalSection
	GlobalSection(ExtensibilityGlobals) = postSolution
		SolutionGuid = {11C6E50C-B931-4239-B59D-2549B204E17D}
	EndGlobalSection
EndGlobal
