
Microsoft Visual Studio Solution File, Format Version 12.00
# Visual Studio Version 16
VisualStudioVersion = 16.0.30717.126
MinimumVisualStudioVersion = 10.0.40219.1
Project("{FAE04EC0-301F-11D3-BF4B-00C04F79EFBC}") = "01.StackAndQueue", "01.StackAndQueue\01.StackAndQueue.csproj", "{7F7B98B0-B6FB-4AB3-8790-E738294E45F9}"
EndProject
Project("{FAE04EC0-301F-11D3-BF4B-00C04F79EFBC}") = "Matrix", "Matrix\Matrix.csproj", "{49781C89-B9C6-407B-8731-31F67FA0E7BD}"
EndProject
Global
	GlobalSection(SolutionConfigurationPlatforms) = preSolution
		Debug|Any CPU = Debug|Any CPU
		Release|Any CPU = Release|Any CPU
	EndGlobalSection
	GlobalSection(ProjectConfigurationPlatforms) = postSolution
		{7F7B98B0-B6FB-4AB3-8790-E738294E45F9}.Debug|Any CPU.ActiveCfg = Debug|Any CPU
		{7F7B98B0-B6FB-4AB3-8790-E738294E45F9}.Debug|Any CPU.Build.0 = Debug|Any CPU
		{7F7B98B0-B6FB-4AB3-8790-E738294E45F9}.Release|Any CPU.ActiveCfg = Release|Any CPU
		{7F7B98B0-B6FB-4AB3-8790-E738294E45F9}.Release|Any CPU.Build.0 = Release|Any CPU
		{49781C89-B9C6-407B-8731-31F67FA0E7BD}.Debug|Any CPU.ActiveCfg = Debug|Any CPU
		{49781C89-B9C6-407B-8731-31F67FA0E7BD}.Debug|Any CPU.Build.0 = Debug|Any CPU
		{49781C89-B9C6-407B-8731-31F67FA0E7BD}.Release|Any CPU.ActiveCfg = Release|Any CPU
		{49781C89-B9C6-407B-8731-31F67FA0E7BD}.Release|Any CPU.Build.0 = Release|Any CPU
	EndGlobalSection
	GlobalSection(SolutionProperties) = preSolution
		HideSolutionNode = FALSE
	EndGlobalSection
	GlobalSection(ExtensibilityGlobals) = postSolution
		SolutionGuid = {DBEBE6DB-B9DF-4E14-A0E6-CBC4C33E242E}
	EndGlobalSection
EndGlobal
