
Microsoft Visual Studio Solution File, Format Version 12.00
# Visual Studio Version 16
VisualStudioVersion = 16.0.30611.23
MinimumVisualStudioVersion = 10.0.40219.1
Project("{FAE04EC0-301F-11D3-BF4B-00C04F79EFBC}") = "ObjectsAndClassesExercise", "ObjectsAndClassesExercise\ObjectsAndClassesExercise.csproj", "{0F22EA05-2FDC-4E25-9AFD-3C46729F90F0}"
EndProject
Project("{FAE04EC0-301F-11D3-BF4B-00C04F79EFBC}") = "Articles", "Articles\Articles.csproj", "{0A4C295C-3D5E-41D0-93F5-CB567E1FEF0E}"
EndProject
Project("{FAE04EC0-301F-11D3-BF4B-00C04F79EFBC}") = "Articles 2.0", "Articles 2.0\Articles 2.0.csproj", "{E7A0891F-5A73-425B-B2C0-7CBD6B407B00}"
EndProject
Project("{FAE04EC0-301F-11D3-BF4B-00C04F79EFBC}") = "Students", "Students\Students.csproj", "{E5FD92E9-A161-4355-B83F-42C8D11B8F7A}"
EndProject
Project("{FAE04EC0-301F-11D3-BF4B-00C04F79EFBC}") = "TeamworkProject", "TeamworkProject\TeamworkProject.csproj", "{DF2562E6-77CC-42F4-8EB3-FB1A532A2B3F}"
EndProject
Project("{FAE04EC0-301F-11D3-BF4B-00C04F79EFBC}") = "VehicleCatalogue", "VehicleCatalogue\VehicleCatalogue.csproj", "{0533B192-1146-4D01-9920-5C21707F7A4F}"
EndProject
Global
	GlobalSection(SolutionConfigurationPlatforms) = preSolution
		Debug|Any CPU = Debug|Any CPU
		Release|Any CPU = Release|Any CPU
	EndGlobalSection
	GlobalSection(ProjectConfigurationPlatforms) = postSolution
		{0F22EA05-2FDC-4E25-9AFD-3C46729F90F0}.Debug|Any CPU.ActiveCfg = Debug|Any CPU
		{0F22EA05-2FDC-4E25-9AFD-3C46729F90F0}.Debug|Any CPU.Build.0 = Debug|Any CPU
		{0F22EA05-2FDC-4E25-9AFD-3C46729F90F0}.Release|Any CPU.ActiveCfg = Release|Any CPU
		{0F22EA05-2FDC-4E25-9AFD-3C46729F90F0}.Release|Any CPU.Build.0 = Release|Any CPU
		{0A4C295C-3D5E-41D0-93F5-CB567E1FEF0E}.Debug|Any CPU.ActiveCfg = Debug|Any CPU
		{0A4C295C-3D5E-41D0-93F5-CB567E1FEF0E}.Debug|Any CPU.Build.0 = Debug|Any CPU
		{0A4C295C-3D5E-41D0-93F5-CB567E1FEF0E}.Release|Any CPU.ActiveCfg = Release|Any CPU
		{0A4C295C-3D5E-41D0-93F5-CB567E1FEF0E}.Release|Any CPU.Build.0 = Release|Any CPU
		{E7A0891F-5A73-425B-B2C0-7CBD6B407B00}.Debug|Any CPU.ActiveCfg = Debug|Any CPU
		{E7A0891F-5A73-425B-B2C0-7CBD6B407B00}.Debug|Any CPU.Build.0 = Debug|Any CPU
		{E7A0891F-5A73-425B-B2C0-7CBD6B407B00}.Release|Any CPU.ActiveCfg = Release|Any CPU
		{E7A0891F-5A73-425B-B2C0-7CBD6B407B00}.Release|Any CPU.Build.0 = Release|Any CPU
		{E5FD92E9-A161-4355-B83F-42C8D11B8F7A}.Debug|Any CPU.ActiveCfg = Debug|Any CPU
		{E5FD92E9-A161-4355-B83F-42C8D11B8F7A}.Debug|Any CPU.Build.0 = Debug|Any CPU
		{E5FD92E9-A161-4355-B83F-42C8D11B8F7A}.Release|Any CPU.ActiveCfg = Release|Any CPU
		{E5FD92E9-A161-4355-B83F-42C8D11B8F7A}.Release|Any CPU.Build.0 = Release|Any CPU
		{DF2562E6-77CC-42F4-8EB3-FB1A532A2B3F}.Debug|Any CPU.ActiveCfg = Debug|Any CPU
		{DF2562E6-77CC-42F4-8EB3-FB1A532A2B3F}.Debug|Any CPU.Build.0 = Debug|Any CPU
		{DF2562E6-77CC-42F4-8EB3-FB1A532A2B3F}.Release|Any CPU.ActiveCfg = Release|Any CPU
		{DF2562E6-77CC-42F4-8EB3-FB1A532A2B3F}.Release|Any CPU.Build.0 = Release|Any CPU
		{0533B192-1146-4D01-9920-5C21707F7A4F}.Debug|Any CPU.ActiveCfg = Debug|Any CPU
		{0533B192-1146-4D01-9920-5C21707F7A4F}.Debug|Any CPU.Build.0 = Debug|Any CPU
		{0533B192-1146-4D01-9920-5C21707F7A4F}.Release|Any CPU.ActiveCfg = Release|Any CPU
		{0533B192-1146-4D01-9920-5C21707F7A4F}.Release|Any CPU.Build.0 = Release|Any CPU
	EndGlobalSection
	GlobalSection(SolutionProperties) = preSolution
		HideSolutionNode = FALSE
	EndGlobalSection
	GlobalSection(ExtensibilityGlobals) = postSolution
		SolutionGuid = {8ED49B0B-2FEB-418D-9677-9D0EC7541FB4}
	EndGlobalSection
EndGlobal
