
Microsoft Visual Studio Solution File, Format Version 12.00
# Visual Studio Version 16
VisualStudioVersion = 16.0.30717.126
MinimumVisualStudioVersion = 10.0.40219.1
Project("{FAE04EC0-301F-11D3-BF4B-00C04F79EFBC}") = "FlowerWreaths", "FlowerWreaths\FlowerWreaths.csproj", "{D8B1666F-6BB6-4184-91F1-949273CBB865}"
EndProject
Project("{FAE04EC0-301F-11D3-BF4B-00C04F79EFBC}") = "Bee", "Bee\Bee.csproj", "{FBA00B28-F34C-4353-9B69-CC4F6BB21AC1}"
EndProject
Project("{FAE04EC0-301F-11D3-BF4B-00C04F79EFBC}") = "VetClinic", "VetClinic\VetClinic.csproj", "{A27906B6-308D-4F9D-90BD-C115EAF96F5D}"
EndProject
Global
	GlobalSection(SolutionConfigurationPlatforms) = preSolution
		Debug|Any CPU = Debug|Any CPU
		Release|Any CPU = Release|Any CPU
	EndGlobalSection
	GlobalSection(ProjectConfigurationPlatforms) = postSolution
		{D8B1666F-6BB6-4184-91F1-949273CBB865}.Debug|Any CPU.ActiveCfg = Debug|Any CPU
		{D8B1666F-6BB6-4184-91F1-949273CBB865}.Debug|Any CPU.Build.0 = Debug|Any CPU
		{D8B1666F-6BB6-4184-91F1-949273CBB865}.Release|Any CPU.ActiveCfg = Release|Any CPU
		{D8B1666F-6BB6-4184-91F1-949273CBB865}.Release|Any CPU.Build.0 = Release|Any CPU
		{FBA00B28-F34C-4353-9B69-CC4F6BB21AC1}.Debug|Any CPU.ActiveCfg = Debug|Any CPU
		{FBA00B28-F34C-4353-9B69-CC4F6BB21AC1}.Debug|Any CPU.Build.0 = Debug|Any CPU
		{FBA00B28-F34C-4353-9B69-CC4F6BB21AC1}.Release|Any CPU.ActiveCfg = Release|Any CPU
		{FBA00B28-F34C-4353-9B69-CC4F6BB21AC1}.Release|Any CPU.Build.0 = Release|Any CPU
		{A27906B6-308D-4F9D-90BD-C115EAF96F5D}.Debug|Any CPU.ActiveCfg = Debug|Any CPU
		{A27906B6-308D-4F9D-90BD-C115EAF96F5D}.Debug|Any CPU.Build.0 = Debug|Any CPU
		{A27906B6-308D-4F9D-90BD-C115EAF96F5D}.Release|Any CPU.ActiveCfg = Release|Any CPU
		{A27906B6-308D-4F9D-90BD-C115EAF96F5D}.Release|Any CPU.Build.0 = Release|Any CPU
	EndGlobalSection
	GlobalSection(SolutionProperties) = preSolution
		HideSolutionNode = FALSE
	EndGlobalSection
	GlobalSection(ExtensibilityGlobals) = postSolution
		SolutionGuid = {DD12AFA0-3A52-4BE3-B401-63167238FBA4}
	EndGlobalSection
EndGlobal
