
Microsoft Visual Studio Solution File, Format Version 12.00
# Visual Studio Version 16
VisualStudioVersion = 16.0.30717.126
MinimumVisualStudioVersion = 10.0.40219.1
Project("{FAE04EC0-301F-11D3-BF4B-00C04F79EFBC}") = "MathOperation", "MathOperation\MathOperation.csproj", "{AA1609EF-96AC-4971-B5C7-4A3512B76D8E}"
EndProject
Project("{FAE04EC0-301F-11D3-BF4B-00C04F79EFBC}") = "Animals", "Animals\Animals.csproj", "{454BFF2C-CDD1-4B7B-ABA1-050A342CA584}"
EndProject
Project("{FAE04EC0-301F-11D3-BF4B-00C04F79EFBC}") = "Shapes", "Shapes\Shapes.csproj", "{3A750C99-4079-48CC-A27E-C0FB910A328F}"
EndProject
Global
	GlobalSection(SolutionConfigurationPlatforms) = preSolution
		Debug|Any CPU = Debug|Any CPU
		Release|Any CPU = Release|Any CPU
	EndGlobalSection
	GlobalSection(ProjectConfigurationPlatforms) = postSolution
		{AA1609EF-96AC-4971-B5C7-4A3512B76D8E}.Debug|Any CPU.ActiveCfg = Debug|Any CPU
		{AA1609EF-96AC-4971-B5C7-4A3512B76D8E}.Debug|Any CPU.Build.0 = Debug|Any CPU
		{AA1609EF-96AC-4971-B5C7-4A3512B76D8E}.Release|Any CPU.ActiveCfg = Release|Any CPU
		{AA1609EF-96AC-4971-B5C7-4A3512B76D8E}.Release|Any CPU.Build.0 = Release|Any CPU
		{454BFF2C-CDD1-4B7B-ABA1-050A342CA584}.Debug|Any CPU.ActiveCfg = Debug|Any CPU
		{454BFF2C-CDD1-4B7B-ABA1-050A342CA584}.Debug|Any CPU.Build.0 = Debug|Any CPU
		{454BFF2C-CDD1-4B7B-ABA1-050A342CA584}.Release|Any CPU.ActiveCfg = Release|Any CPU
		{454BFF2C-CDD1-4B7B-ABA1-050A342CA584}.Release|Any CPU.Build.0 = Release|Any CPU
		{3A750C99-4079-48CC-A27E-C0FB910A328F}.Debug|Any CPU.ActiveCfg = Debug|Any CPU
		{3A750C99-4079-48CC-A27E-C0FB910A328F}.Debug|Any CPU.Build.0 = Debug|Any CPU
		{3A750C99-4079-48CC-A27E-C0FB910A328F}.Release|Any CPU.ActiveCfg = Release|Any CPU
		{3A750C99-4079-48CC-A27E-C0FB910A328F}.Release|Any CPU.Build.0 = Release|Any CPU
	EndGlobalSection
	GlobalSection(SolutionProperties) = preSolution
		HideSolutionNode = FALSE
	EndGlobalSection
	GlobalSection(ExtensibilityGlobals) = postSolution
		SolutionGuid = {247084C1-18BD-49E7-83F1-9C9B278A1BD5}
	EndGlobalSection
EndGlobal
