
Microsoft Visual Studio Solution File, Format Version 12.00
# Visual Studio Version 16
VisualStudioVersion = 16.0.30717.126
MinimumVisualStudioVersion = 10.0.40219.1
Project("{FAE04EC0-301F-11D3-BF4B-00C04F79EFBC}") = "Vehicles", "Vehicles\Vehicles.csproj", "{970EA71B-748A-41D0-8E7A-0721F289D658}"
EndProject
Global
	GlobalSection(SolutionConfigurationPlatforms) = preSolution
		Debug|Any CPU = Debug|Any CPU
		Release|Any CPU = Release|Any CPU
	EndGlobalSection
	GlobalSection(ProjectConfigurationPlatforms) = postSolution
		{970EA71B-748A-41D0-8E7A-0721F289D658}.Debug|Any CPU.ActiveCfg = Debug|Any CPU
		{970EA71B-748A-41D0-8E7A-0721F289D658}.Debug|Any CPU.Build.0 = Debug|Any CPU
		{970EA71B-748A-41D0-8E7A-0721F289D658}.Release|Any CPU.ActiveCfg = Release|Any CPU
		{970EA71B-748A-41D0-8E7A-0721F289D658}.Release|Any CPU.Build.0 = Release|Any CPU
	EndGlobalSection
	GlobalSection(SolutionProperties) = preSolution
		HideSolutionNode = FALSE
	EndGlobalSection
	GlobalSection(ExtensibilityGlobals) = postSolution
		SolutionGuid = {94B723E4-53EB-4164-97B9-2F26F3F3E830}
	EndGlobalSection
EndGlobal
