
Microsoft Visual Studio Solution File, Format Version 12.00
# Visual Studio Version 16
VisualStudioVersion = 16.0.30523.141
MinimumVisualStudioVersion = 10.0.40219.1
Project("{FAE04EC0-301F-11D3-BF4B-00C04F79EFBC}") = "ListsExercise", "ListsExercise\ListsExercise.csproj", "{0718CFEC-810F-42D9-B5AF-18382C18BEA1}"
EndProject
Project("{FAE04EC0-301F-11D3-BF4B-00C04F79EFBC}") = "Train", "Train\Train.csproj", "{E31A2C3E-AA88-4D6A-A80C-556621ADDD1D}"
EndProject
Project("{FAE04EC0-301F-11D3-BF4B-00C04F79EFBC}") = "ChangeList", "ChangeList\ChangeList.csproj", "{2704A95E-6946-4523-8AA8-0CB1B003F9C0}"
EndProject
Project("{FAE04EC0-301F-11D3-BF4B-00C04F79EFBC}") = "HouseParty", "HouseParty\HouseParty.csproj", "{0626C3B2-52FE-4F15-99AC-2B51B0FCABDE}"
EndProject
Project("{FAE04EC0-301F-11D3-BF4B-00C04F79EFBC}") = "ListOperations", "ListOperations\ListOperations.csproj", "{DFE90882-212B-4579-AE08-4136CC5CD661}"
EndProject
Project("{FAE04EC0-301F-11D3-BF4B-00C04F79EFBC}") = "BombNumbers", "BombNumbers\BombNumbers.csproj", "{B9BF126D-E04B-4112-9E3E-0CD5034F9D68}"
EndProject
Project("{FAE04EC0-301F-11D3-BF4B-00C04F79EFBC}") = "CardGame", "CardGame\CardGame.csproj", "{61D3A165-BDE3-4180-981A-A3134475C8D4}"
EndProject
Project("{FAE04EC0-301F-11D3-BF4B-00C04F79EFBC}") = "AppendArrays", "AppendArrays\AppendArrays.csproj", "{99B67EE8-CBA2-4ED7-BEDF-BA7FE7ED1BF2}"
EndProject
Project("{FAE04EC0-301F-11D3-BF4B-00C04F79EFBC}") = "SoftUniCoursePlanning", "SoftUniCoursePlanning\SoftUniCoursePlanning.csproj", "{762A4C15-BF70-47B9-9E23-927FA5844382}"
EndProject
Global
	GlobalSection(SolutionConfigurationPlatforms) = preSolution
		Debug|Any CPU = Debug|Any CPU
		Release|Any CPU = Release|Any CPU
	EndGlobalSection
	GlobalSection(ProjectConfigurationPlatforms) = postSolution
		{0718CFEC-810F-42D9-B5AF-18382C18BEA1}.Debug|Any CPU.ActiveCfg = Debug|Any CPU
		{0718CFEC-810F-42D9-B5AF-18382C18BEA1}.Debug|Any CPU.Build.0 = Debug|Any CPU
		{0718CFEC-810F-42D9-B5AF-18382C18BEA1}.Release|Any CPU.ActiveCfg = Release|Any CPU
		{0718CFEC-810F-42D9-B5AF-18382C18BEA1}.Release|Any CPU.Build.0 = Release|Any CPU
		{E31A2C3E-AA88-4D6A-A80C-556621ADDD1D}.Debug|Any CPU.ActiveCfg = Debug|Any CPU
		{E31A2C3E-AA88-4D6A-A80C-556621ADDD1D}.Debug|Any CPU.Build.0 = Debug|Any CPU
		{E31A2C3E-AA88-4D6A-A80C-556621ADDD1D}.Release|Any CPU.ActiveCfg = Release|Any CPU
		{E31A2C3E-AA88-4D6A-A80C-556621ADDD1D}.Release|Any CPU.Build.0 = Release|Any CPU
		{2704A95E-6946-4523-8AA8-0CB1B003F9C0}.Debug|Any CPU.ActiveCfg = Debug|Any CPU
		{2704A95E-6946-4523-8AA8-0CB1B003F9C0}.Debug|Any CPU.Build.0 = Debug|Any CPU
		{2704A95E-6946-4523-8AA8-0CB1B003F9C0}.Release|Any CPU.ActiveCfg = Release|Any CPU
		{2704A95E-6946-4523-8AA8-0CB1B003F9C0}.Release|Any CPU.Build.0 = Release|Any CPU
		{0626C3B2-52FE-4F15-99AC-2B51B0FCABDE}.Debug|Any CPU.ActiveCfg = Debug|Any CPU
		{0626C3B2-52FE-4F15-99AC-2B51B0FCABDE}.Debug|Any CPU.Build.0 = Debug|Any CPU
		{0626C3B2-52FE-4F15-99AC-2B51B0FCABDE}.Release|Any CPU.ActiveCfg = Release|Any CPU
		{0626C3B2-52FE-4F15-99AC-2B51B0FCABDE}.Release|Any CPU.Build.0 = Release|Any CPU
		{DFE90882-212B-4579-AE08-4136CC5CD661}.Debug|Any CPU.ActiveCfg = Debug|Any CPU
		{DFE90882-212B-4579-AE08-4136CC5CD661}.Debug|Any CPU.Build.0 = Debug|Any CPU
		{DFE90882-212B-4579-AE08-4136CC5CD661}.Release|Any CPU.ActiveCfg = Release|Any CPU
		{DFE90882-212B-4579-AE08-4136CC5CD661}.Release|Any CPU.Build.0 = Release|Any CPU
		{B9BF126D-E04B-4112-9E3E-0CD5034F9D68}.Debug|Any CPU.ActiveCfg = Debug|Any CPU
		{B9BF126D-E04B-4112-9E3E-0CD5034F9D68}.Debug|Any CPU.Build.0 = Debug|Any CPU
		{B9BF126D-E04B-4112-9E3E-0CD5034F9D68}.Release|Any CPU.ActiveCfg = Release|Any CPU
		{B9BF126D-E04B-4112-9E3E-0CD5034F9D68}.Release|Any CPU.Build.0 = Release|Any CPU
		{61D3A165-BDE3-4180-981A-A3134475C8D4}.Debug|Any CPU.ActiveCfg = Debug|Any CPU
		{61D3A165-BDE3-4180-981A-A3134475C8D4}.Debug|Any CPU.Build.0 = Debug|Any CPU
		{61D3A165-BDE3-4180-981A-A3134475C8D4}.Release|Any CPU.ActiveCfg = Release|Any CPU
		{61D3A165-BDE3-4180-981A-A3134475C8D4}.Release|Any CPU.Build.0 = Release|Any CPU
		{99B67EE8-CBA2-4ED7-BEDF-BA7FE7ED1BF2}.Debug|Any CPU.ActiveCfg = Debug|Any CPU
		{99B67EE8-CBA2-4ED7-BEDF-BA7FE7ED1BF2}.Debug|Any CPU.Build.0 = Debug|Any CPU
		{99B67EE8-CBA2-4ED7-BEDF-BA7FE7ED1BF2}.Release|Any CPU.ActiveCfg = Release|Any CPU
		{99B67EE8-CBA2-4ED7-BEDF-BA7FE7ED1BF2}.Release|Any CPU.Build.0 = Release|Any CPU
		{762A4C15-BF70-47B9-9E23-927FA5844382}.Debug|Any CPU.ActiveCfg = Debug|Any CPU
		{762A4C15-BF70-47B9-9E23-927FA5844382}.Debug|Any CPU.Build.0 = Debug|Any CPU
		{762A4C15-BF70-47B9-9E23-927FA5844382}.Release|Any CPU.ActiveCfg = Release|Any CPU
		{762A4C15-BF70-47B9-9E23-927FA5844382}.Release|Any CPU.Build.0 = Release|Any CPU
	EndGlobalSection
	GlobalSection(SolutionProperties) = preSolution
		HideSolutionNode = FALSE
	EndGlobalSection
	GlobalSection(ExtensibilityGlobals) = postSolution
		SolutionGuid = {876E28D1-BAE6-497F-A661-64884D8CD793}
	EndGlobalSection
EndGlobal
