
Microsoft Visual Studio Solution File, Format Version 12.00
# Visual Studio Version 16
VisualStudioVersion = 16.0.30717.126
MinimumVisualStudioVersion = 10.0.40219.1
Project("{FAE04EC0-301F-11D3-BF4B-00C04F79EFBC}") = "01.Problem", "01.Problem\01.Problem.csproj", "{21A565DD-D60D-4921-B416-1ABC56152606}"
EndProject
Project("{FAE04EC0-301F-11D3-BF4B-00C04F79EFBC}") = "02.Problem", "02.Problem\02.Problem.csproj", "{D80FD935-D7D5-46F3-A433-BB19ED8C527B}"
EndProject
Project("{FAE04EC0-301F-11D3-BF4B-00C04F79EFBC}") = "03.Problem", "03.Problem\03.Problem.csproj", "{506BFD9E-0FC2-4A41-99D6-678FC9FF36EF}"
EndProject
Global
	GlobalSection(SolutionConfigurationPlatforms) = preSolution
		Debug|Any CPU = Debug|Any CPU
		Release|Any CPU = Release|Any CPU
	EndGlobalSection
	GlobalSection(ProjectConfigurationPlatforms) = postSolution
		{21A565DD-D60D-4921-B416-1ABC56152606}.Debug|Any CPU.ActiveCfg = Debug|Any CPU
		{21A565DD-D60D-4921-B416-1ABC56152606}.Debug|Any CPU.Build.0 = Debug|Any CPU
		{21A565DD-D60D-4921-B416-1ABC56152606}.Release|Any CPU.ActiveCfg = Release|Any CPU
		{21A565DD-D60D-4921-B416-1ABC56152606}.Release|Any CPU.Build.0 = Release|Any CPU
		{D80FD935-D7D5-46F3-A433-BB19ED8C527B}.Debug|Any CPU.ActiveCfg = Debug|Any CPU
		{D80FD935-D7D5-46F3-A433-BB19ED8C527B}.Debug|Any CPU.Build.0 = Debug|Any CPU
		{D80FD935-D7D5-46F3-A433-BB19ED8C527B}.Release|Any CPU.ActiveCfg = Release|Any CPU
		{D80FD935-D7D5-46F3-A433-BB19ED8C527B}.Release|Any CPU.Build.0 = Release|Any CPU
		{506BFD9E-0FC2-4A41-99D6-678FC9FF36EF}.Debug|Any CPU.ActiveCfg = Debug|Any CPU
		{506BFD9E-0FC2-4A41-99D6-678FC9FF36EF}.Debug|Any CPU.Build.0 = Debug|Any CPU
		{506BFD9E-0FC2-4A41-99D6-678FC9FF36EF}.Release|Any CPU.ActiveCfg = Release|Any CPU
		{506BFD9E-0FC2-4A41-99D6-678FC9FF36EF}.Release|Any CPU.Build.0 = Release|Any CPU
	EndGlobalSection
	GlobalSection(SolutionProperties) = preSolution
		HideSolutionNode = FALSE
	EndGlobalSection
	GlobalSection(ExtensibilityGlobals) = postSolution
		SolutionGuid = {14949519-245A-4868-BC7F-7003B93CADAA}
	EndGlobalSection
EndGlobal
