
Microsoft Visual Studio Solution File, Format Version 12.00
# Visual Studio Version 16
VisualStudioVersion = 16.0.30717.126
MinimumVisualStudioVersion = 10.0.40219.1
Project("{9A19103F-16F7-4668-BE54-9A1E7A4F7556}") = "ClassBoxData", "ClassBoxData\ClassBoxData.csproj", "{6EF821A4-D7B3-4C8C-AFD5-472267618890}"
EndProject
Project("{9A19103F-16F7-4668-BE54-9A1E7A4F7556}") = "AnimalFarm", "AnimalFarm\AnimalFarm.csproj", "{4920A5A9-3FBA-4F34-B5D5-798313399CD0}"
EndProject
Project("{FAE04EC0-301F-11D3-BF4B-00C04F79EFBC}") = "ShoppingSpree", "ShoppingSpree\ShoppingSpree.csproj", "{ECA9870A-CAEC-46AF-93BE-D9711BE3DB70}"
EndProject
Global
	GlobalSection(SolutionConfigurationPlatforms) = preSolution
		Debug|Any CPU = Debug|Any CPU
		Release|Any CPU = Release|Any CPU
	EndGlobalSection
	GlobalSection(ProjectConfigurationPlatforms) = postSolution
		{6EF821A4-D7B3-4C8C-AFD5-472267618890}.Debug|Any CPU.ActiveCfg = Debug|Any CPU
		{6EF821A4-D7B3-4C8C-AFD5-472267618890}.Debug|Any CPU.Build.0 = Debug|Any CPU
		{6EF821A4-D7B3-4C8C-AFD5-472267618890}.Release|Any CPU.ActiveCfg = Release|Any CPU
		{6EF821A4-D7B3-4C8C-AFD5-472267618890}.Release|Any CPU.Build.0 = Release|Any CPU
		{4920A5A9-3FBA-4F34-B5D5-798313399CD0}.Debug|Any CPU.ActiveCfg = Debug|Any CPU
		{4920A5A9-3FBA-4F34-B5D5-798313399CD0}.Debug|Any CPU.Build.0 = Debug|Any CPU
		{4920A5A9-3FBA-4F34-B5D5-798313399CD0}.Release|Any CPU.ActiveCfg = Release|Any CPU
		{4920A5A9-3FBA-4F34-B5D5-798313399CD0}.Release|Any CPU.Build.0 = Release|Any CPU
		{ECA9870A-CAEC-46AF-93BE-D9711BE3DB70}.Debug|Any CPU.ActiveCfg = Debug|Any CPU
		{ECA9870A-CAEC-46AF-93BE-D9711BE3DB70}.Debug|Any CPU.Build.0 = Debug|Any CPU
		{ECA9870A-CAEC-46AF-93BE-D9711BE3DB70}.Release|Any CPU.ActiveCfg = Release|Any CPU
		{ECA9870A-CAEC-46AF-93BE-D9711BE3DB70}.Release|Any CPU.Build.0 = Release|Any CPU
	EndGlobalSection
	GlobalSection(SolutionProperties) = preSolution
		HideSolutionNode = FALSE
	EndGlobalSection
	GlobalSection(ExtensibilityGlobals) = postSolution
		SolutionGuid = {5CA0676B-2771-4968-A5E7-743534CFCCF2}
	EndGlobalSection
EndGlobal
