
Microsoft Visual Studio Solution File, Format Version 12.00
# Visual Studio Version 17
VisualStudioVersion = 17.0.31903.59
MinimumVisualStudioVersion = 10.0.40219.1
Project("{FAE04EC0-301F-11D3-BF4B-00C04F79EFBC}") = "SharedTrip", "SharedTrip\SharedTrip.csproj", "{8EFE88FE-31CA-4889-95C8-D366A8CAE228}"
EndProject
Project("{FAE04EC0-301F-11D3-BF4B-00C04F79EFBC}") = "BasicWebServer.Server", "BasicWebServer.Server\BasicWebServer.Server.csproj", "{F71839F7-D0FB-4FFB-9117-955261F89F04}"
EndProject
Global
	GlobalSection(SolutionConfigurationPlatforms) = preSolution
		Debug|Any CPU = Debug|Any CPU
		Release|Any CPU = Release|Any CPU
	EndGlobalSection
	GlobalSection(ProjectConfigurationPlatforms) = postSolution
		{8EFE88FE-31CA-4889-95C8-D366A8CAE228}.Debug|Any CPU.ActiveCfg = Debug|Any CPU
		{8EFE88FE-31CA-4889-95C8-D366A8CAE228}.Debug|Any CPU.Build.0 = Debug|Any CPU
		{8EFE88FE-31CA-4889-95C8-D366A8CAE228}.Release|Any CPU.ActiveCfg = Release|Any CPU
		{8EFE88FE-31CA-4889-95C8-D366A8CAE228}.Release|Any CPU.Build.0 = Release|Any CPU
		{F71839F7-D0FB-4FFB-9117-955261F89F04}.Debug|Any CPU.ActiveCfg = Debug|Any CPU
		{F71839F7-D0FB-4FFB-9117-955261F89F04}.Debug|Any CPU.Build.0 = Debug|Any CPU
		{F71839F7-D0FB-4FFB-9117-955261F89F04}.Release|Any CPU.ActiveCfg = Release|Any CPU
		{F71839F7-D0FB-4FFB-9117-955261F89F04}.Release|Any CPU.Build.0 = Release|Any CPU
	EndGlobalSection
	GlobalSection(SolutionProperties) = preSolution
		HideSolutionNode = FALSE
	EndGlobalSection
	GlobalSection(ExtensibilityGlobals) = postSolution
		SolutionGuid = {E07D7400-6A77-4FA2-945A-45B5A01B6EB3}
	EndGlobalSection
EndGlobal
