
Microsoft Visual Studio Solution File, Format Version 12.00
# Visual Studio Version 16
VisualStudioVersion = 16.0.30711.63
MinimumVisualStudioVersion = 10.0.40219.1
Project("{FAE04EC0-301F-11D3-BF4B-00C04F79EFBC}") = "ConsoleApp1", "ConsoleApp1\ConsoleApp1.csproj", "{9C631D1A-29CF-4909-8350-412E62914512}"
EndProject
Global
	GlobalSection(SolutionConfigurationPlatforms) = preSolution
		Debug|Any CPU = Debug|Any CPU
		Release|Any CPU = Release|Any CPU
	EndGlobalSection
	GlobalSection(ProjectConfigurationPlatforms) = postSolution
		{9C631D1A-29CF-4909-8350-412E62914512}.Debug|Any CPU.ActiveCfg = Debug|Any CPU
		{9C631D1A-29CF-4909-8350-412E62914512}.Debug|Any CPU.Build.0 = Debug|Any CPU
		{9C631D1A-29CF-4909-8350-412E62914512}.Release|Any CPU.ActiveCfg = Release|Any CPU
		{9C631D1A-29CF-4909-8350-412E62914512}.Release|Any CPU.Build.0 = Release|Any CPU
	EndGlobalSection
	GlobalSection(SolutionProperties) = preSolution
		HideSolutionNode = FALSE
	EndGlobalSection
	GlobalSection(ExtensibilityGlobals) = postSolution
		SolutionGuid = {01AEB9C5-9FC6-43EF-B6E8-52F39845E083}
	EndGlobalSection
EndGlobal
