
Microsoft Visual Studio Solution File, Format Version 12.00
# Visual Studio Version 16
VisualStudioVersion = 16.0.30717.126
MinimumVisualStudioVersion = 10.0.40219.1
Project("{FAE04EC0-301F-11D3-BF4B-00C04F79EFBC}") = "LootBox", "LootBox\LootBox.csproj", "{744038F7-C421-4EE9-999A-5CE8CAF1734D}"
EndProject
Project("{FAE04EC0-301F-11D3-BF4B-00C04F79EFBC}") = "ReVolt", "ReVolt\ReVolt.csproj", "{86C041CA-1723-4D0B-A493-0681CA3D9102}"
EndProject
Project("{FAE04EC0-301F-11D3-BF4B-00C04F79EFBC}") = "Guild", "Guild\Guild.csproj", "{23BB9291-6443-48F7-87B0-DF7932061962}"
EndProject
Global
	GlobalSection(SolutionConfigurationPlatforms) = preSolution
		Debug|Any CPU = Debug|Any CPU
		Release|Any CPU = Release|Any CPU
	EndGlobalSection
	GlobalSection(ProjectConfigurationPlatforms) = postSolution
		{744038F7-C421-4EE9-999A-5CE8CAF1734D}.Debug|Any CPU.ActiveCfg = Debug|Any CPU
		{744038F7-C421-4EE9-999A-5CE8CAF1734D}.Debug|Any CPU.Build.0 = Debug|Any CPU
		{744038F7-C421-4EE9-999A-5CE8CAF1734D}.Release|Any CPU.ActiveCfg = Release|Any CPU
		{744038F7-C421-4EE9-999A-5CE8CAF1734D}.Release|Any CPU.Build.0 = Release|Any CPU
		{86C041CA-1723-4D0B-A493-0681CA3D9102}.Debug|Any CPU.ActiveCfg = Debug|Any CPU
		{86C041CA-1723-4D0B-A493-0681CA3D9102}.Debug|Any CPU.Build.0 = Debug|Any CPU
		{86C041CA-1723-4D0B-A493-0681CA3D9102}.Release|Any CPU.ActiveCfg = Release|Any CPU
		{86C041CA-1723-4D0B-A493-0681CA3D9102}.Release|Any CPU.Build.0 = Release|Any CPU
		{23BB9291-6443-48F7-87B0-DF7932061962}.Debug|Any CPU.ActiveCfg = Debug|Any CPU
		{23BB9291-6443-48F7-87B0-DF7932061962}.Debug|Any CPU.Build.0 = Debug|Any CPU
		{23BB9291-6443-48F7-87B0-DF7932061962}.Release|Any CPU.ActiveCfg = Release|Any CPU
		{23BB9291-6443-48F7-87B0-DF7932061962}.Release|Any CPU.Build.0 = Release|Any CPU
	EndGlobalSection
	GlobalSection(SolutionProperties) = preSolution
		HideSolutionNode = FALSE
	EndGlobalSection
	GlobalSection(ExtensibilityGlobals) = postSolution
		SolutionGuid = {C9BF01E8-29B3-4A7F-90E6-480F2611C3CE}
	EndGlobalSection
EndGlobal
